<?xml version="1.0" encoding="utf-8"?>
<Project ToolsVersion="4.0" xmlns="http://schemas.microsoft.com/developer/msbuild/2003">
  <ItemGroup>
    <Filter Include="Source Files">
      <UniqueIdentifier>{4FC737F1-C7A5-4376-A066-2A32D752A2FF}</UniqueIdentifier>
      <Extensions>cpp;c;cc;cxx;c++;cppm;ixx;def;odl;idl;hpj;bat;asm;asmx</Extensions>
    </Filter>
    <Filter Include="Header Files">
      <UniqueIdentifier>{93995380-89BD-4b04-88EB-625FBE52EBFB}</UniqueIdentifier>
      <Extensions>h;hh;hpp;hxx;h++;hm;inl;inc;ipp;xsd</Extensions>
    </Filter>
    <Filter Include="Resource Files">
      <UniqueIdentifier>{67DA6AB6-F800-4c08-8B7A-83BB121AAD01}</UniqueIdentifier>
      <Extensions>rc;ico;cur;bmp;dlg;rc2;rct;bin;rgs;gif;jpg;jpeg;jpe;resx;tiff;tif;png;wav;mfcribbon-ms</Extensions>
    </Filter>
    <Filter Include="Source Files\Classes">
      <UniqueIdentifier>{b443870a-f40c-4983-8c73-74a284a00592}</UniqueIdentifier>
    </Filter>
    <Filter Include="Header Files\Classes_h">
      <UniqueIdentifier>{511bca7e-cb5d-4b1f-a33b-6e9ba088a75f}</UniqueIdentifier>
    </Filter>
    <Filter Include="Tools">
      <UniqueIdentifier>{aa218220-2e1d-4e5d-b144-5c8b4141078d}</UniqueIdentifier>
    </Filter>
    <Filter Include="Tools\Header">
      <UniqueIdentifier>{cb0396ae-4098-48b4-8b59-e820e84864cd}</UniqueIdentifier>
    </Filter>
    <Filter Include="Tools\Source">
      <UniqueIdentifier>{e3b67fce-8f57-434a-ba3f-7cef720c8141}</UniqueIdentifier>
    </Filter>
  </ItemGroup>
  <ItemGroup>
    <ClCompile Include="NVQ_VDS_sfml.cpp">
      <Filter>Source Files</Filter>
    </ClCompile>
    <ClCompile Include="App.cpp">
      <Filter>Source Files\Classes</Filter>
    </ClCompile>
    <ClCompile Include="Static_Array_Menu.cpp">
      <Filter>Source Files\Classes</Filter>
    </ClCompile>
    <ClCompile Include="Linked_List_Menu.cpp">
      <Filter>Source Files\Classes</Filter>
    </ClCompile>
    <ClCompile Include="Dynamic_Array_Menu.cpp">
      <Filter>Source Files\Classes</Filter>
    </ClCompile>
    <ClCompile Include="Doubly_Linked_List_Menu.cpp">
      <Filter>Source Files\Classes</Filter>
    </ClCompile>
    <ClCompile Include="Cirly_Linked_List_Menu.cpp">
      <Filter>Source Files\Classes</Filter>
    </ClCompile>
    <ClCompile Include="Stack_Menu.cpp">
      <Filter>Source Files\Classes</Filter>
    </ClCompile>
    <ClCompile Include="Queue_Menu.cpp">
      <Filter>Source Files\Classes</Filter>
    </ClCompile>
    <ClCompile Include="Tools\Animation.cpp">
      <Filter>Tools\Source</Filter>
    </ClCompile>
    <ClCompile Include="Tools\Animation_Queue.cpp">
      <Filter>Tools\Source</Filter>
    </ClCompile>
    <ClCompile Include="Tools\Animation_Stack.cpp">
      <Filter>Tools\Source</Filter>
    </ClCompile>
    <ClCompile Include="Tools\Button.cpp">
      <Filter>Tools\Source</Filter>
    </ClCompile>
    <ClCompile Include="Tools\LinkedList.cpp">
      <Filter>Tools\Source</Filter>
    </ClCompile>
    <ClCompile Include="Tools\StringProccess.cpp">
      <Filter>Tools\Source</Filter>
    </ClCompile>
    <ClCompile Include="Tools\TextBox.cpp">
      <Filter>Tools\Source</Filter>
    </ClCompile>
    <ClCompile Include="Tools\Toggle_Group.cpp">
      <Filter>Tools\Source</Filter>
    </ClCompile>
    <ClCompile Include="Tools\ToggleButton.cpp">
      <Filter>Tools\Source</Filter>
    </ClCompile>
    <ClCompile Include="Tools\Animation_Static.cpp">
      <Filter>Tools\Source</Filter>
    </ClCompile>
  </ItemGroup>
  <ItemGroup>
    <ClInclude Include="Static_Array_Menu.h">
      <Filter>Header Files\Classes_h</Filter>
    </ClInclude>
    <ClInclude Include="Linked_List_Menu.h">
      <Filter>Header Files\Classes_h</Filter>
    </ClInclude>
    <ClInclude Include="App.h">
      <Filter>Header Files\Classes_h</Filter>
    </ClInclude>
    <ClInclude Include="Dynamic_Array_Menu.h">
      <Filter>Header Files\Classes_h</Filter>
    </ClInclude>
    <ClInclude Include="Doubly_Linked_List_Menu.h">
      <Filter>Header Files\Classes_h</Filter>
    </ClInclude>
    <ClInclude Include="Cirly_Linked_List_Menu.h">
      <Filter>Header Files\Classes_h</Filter>
    </ClInclude>
    <ClInclude Include="Stack_Menu.h">
      <Filter>Header Files\Classes_h</Filter>
    </ClInclude>
    <ClInclude Include="Queue_Menu.h">
      <Filter>Header Files\Classes_h</Filter>
    </ClInclude>
    <ClInclude Include="Tools\Animation.h">
      <Filter>Tools\Header</Filter>
    </ClInclude>
    <ClInclude Include="Tools\Animation_Queue.h">
      <Filter>Tools\Header</Filter>
    </ClInclude>
    <ClInclude Include="Tools\Animation_Stack.h">
      <Filter>Tools\Header</Filter>
    </ClInclude>
    <ClInclude Include="Tools\Button.h">
      <Filter>Tools\Header</Filter>
    </ClInclude>
    <ClInclude Include="Tools\LinkedList.h">
      <Filter>Tools\Header</Filter>
    </ClInclude>
    <ClInclude Include="Tools\StringProccess.h">
      <Filter>Tools\Header</Filter>
    </ClInclude>
    <ClInclude Include="Tools\TextBox.h">
      <Filter>Tools\Header</Filter>
    </ClInclude>
    <ClInclude Include="Tools\Toggle_Group.h">
      <Filter>Tools\Header</Filter>
    </ClInclude>
    <ClInclude Include="Tools\ToggleButton.h">
      <Filter>Tools\Header</Filter>
    </ClInclude>
    <ClInclude Include="Tools\Animation_Static.h">
      <Filter>Tools\Header</Filter>
    </ClInclude>
  </ItemGroup>
</Project>